# DO NOT EDIT MANUALLY - Managed by Fern Replay
version: "1.0"
generations:
  - commit_sha: 1d7c200a6832c9dd83d28d1e3995795ad0bd0566
    tree_hash: b07474f88876d5c6fd237a97855807918bdafc18
    timestamp: 2026-05-22T21:57:39.815Z
    cli_version: unknown
    generator_versions: {}
  - commit_sha: 2c40c37c909ae611695d6abb201b7ae087231eea
    tree_hash: 85db87f086c23b369b02c3a2e62ca72dd9588f23
    timestamp: 2026-07-15T17:00:52.334Z
    cli_version: unknown
    generator_versions:
      fernapi/fern-typescript-sdk: 3.46.3
current_generation: 2c40c37c909ae611695d6abb201b7ae087231eea
patches: []
