# DO NOT EDIT MANUALLY - Managed by Fern Replay
version: "1.0"
generations:
  - commit_sha: 1d7c200a6832c9dd83d28d1e3995795ad0bd0566
    tree_hash: b07474f88876d5c6fd237a97855807918bdafc18
    timestamp: 2026-05-22T21:57:39.815Z
    cli_version: unknown
    generator_versions: {}
current_generation: 1d7c200a6832c9dd83d28d1e3995795ad0bd0566
patches: []
